// !$*UTF8*$!
{
	archiveVersion = 1;
	classes = {
	};
	objectVersion = 51;
	objects = {

/* Begin PBXBuildFile section */
		084976B5DBB0D1FFDD2C33FB /* Pods_DolapCaseApp.framework in Frameworks */ = {isa = PBXBuildFile; fileRef = B6580DEFFCEE52D6F92BB826 /* Pods_DolapCaseApp.framework */; };
		ED16B44723831662005E2D17 /* ProductDetailImageTableViewCell.xib in Resources */ = {isa = PBXBuildFile; fileRef = ED16B44623831662005E2D17 /* ProductDetailImageTableViewCell.xib */; };
		ED16B44A23833A4F005E2D17 /* BaseViewInterface.swift in Sources */ = {isa = PBXBuildFile; fileRef = ED16B44923833A4F005E2D17 /* BaseViewInterface.swift */; };
		ED2ECF86238137E400937D34 /* UITableViewExtension.swift in Sources */ = {isa = PBXBuildFile; fileRef = ED2ECF85238137E400937D34 /* UITableViewExtension.swift */; };
		ED2ECF882381383700937D34 /* UITableViewCellExtension.swift in Sources */ = {isa = PBXBuildFile; fileRef = ED2ECF872381383700937D34 /* UITableViewCellExtension.swift */; };
		ED2ECF8B2381449600937D34 /* ProductDetailImageTableViewCell.swift in Sources */ = {isa = PBXBuildFile; fileRef = ED2ECF892381449600937D34 /* ProductDetailImageTableViewCell.swift */; };
		ED802602237EEEEE00CDBBF4 /* AppDelegate.swift in Sources */ = {isa = PBXBuildFile; fileRef = ED802601237EEEEE00CDBBF4 /* AppDelegate.swift */; };
		ED802609237EEEEE00CDBBF4 /* ProductDetail.storyboard in Resources */ = {isa = PBXBuildFile; fileRef = ED802607237EEEEE00CDBBF4 /* ProductDetail.storyboard */; };
		ED80260B237EEEF000CDBBF4 /* Assets.xcassets in Resources */ = {isa = PBXBuildFile; fileRef = ED80260A237EEEF000CDBBF4 /* Assets.xcassets */; };
		ED80260E237EEEF000CDBBF4 /* LaunchScreen.storyboard in Resources */ = {isa = PBXBuildFile; fileRef = ED80260C237EEEF000CDBBF4 /* LaunchScreen.storyboard */; };
		ED80261C237F0F3E00CDBBF4 /* SocialData.json in Resources */ = {isa = PBXBuildFile; fileRef = ED80261B237F0F3E00CDBBF4 /* SocialData.json */; };
		ED80261E237F0F4600CDBBF4 /* ProductData.json in Resources */ = {isa = PBXBuildFile; fileRef = ED80261D237F0F4600CDBBF4 /* ProductData.json */; };
		ED802626237F14C100CDBBF4 /* ProductDetailRouter.swift in Sources */ = {isa = PBXBuildFile; fileRef = ED802622237F14C100CDBBF4 /* ProductDetailRouter.swift */; };
		ED802627237F14C100CDBBF4 /* ProductDetailViewController.swift in Sources */ = {isa = PBXBuildFile; fileRef = ED802623237F14C100CDBBF4 /* ProductDetailViewController.swift */; };
		ED802628237F14C100CDBBF4 /* ProductDetailInteractor.swift in Sources */ = {isa = PBXBuildFile; fileRef = ED802624237F14C100CDBBF4 /* ProductDetailInteractor.swift */; };
		ED802629237F14C100CDBBF4 /* ProductDetailPresenter.swift in Sources */ = {isa = PBXBuildFile; fileRef = ED802625237F14C100CDBBF4 /* ProductDetailPresenter.swift */; };
		ED80262C237F18C900CDBBF4 /* Product.swift in Sources */ = {isa = PBXBuildFile; fileRef = ED80262B237F18C900CDBBF4 /* Product.swift */; };
		ED80262E237F18FE00CDBBF4 /* ProductSocial.swift in Sources */ = {isa = PBXBuildFile; fileRef = ED80262D237F18FE00CDBBF4 /* ProductSocial.swift */; };
		ED802631237F265A00CDBBF4 /* Price.swift in Sources */ = {isa = PBXBuildFile; fileRef = ED802630237F265A00CDBBF4 /* Price.swift */; };
		ED802634237F32B400CDBBF4 /* StoryBoard.swift in Sources */ = {isa = PBXBuildFile; fileRef = ED802633237F32B400CDBBF4 /* StoryBoard.swift */; };
		ED9764AE2381A3F1006C8EAC /* ProductDetailInfoTableViewCell.swift in Sources */ = {isa = PBXBuildFile; fileRef = ED9764AC2381A3F1006C8EAC /* ProductDetailInfoTableViewCell.swift */; };
		ED9764AF2381A3F1006C8EAC /* ProductDetailInfoTableViewCell.xib in Resources */ = {isa = PBXBuildFile; fileRef = ED9764AD2381A3F1006C8EAC /* ProductDetailInfoTableViewCell.xib */; };
		ED9764B12381C0CF006C8EAC /* CommentStat.swift in Sources */ = {isa = PBXBuildFile; fileRef = ED9764B02381C0CF006C8EAC /* CommentStat.swift */; };
		ED9764B32381D291006C8EAC /* DoubleExtension.swift in Sources */ = {isa = PBXBuildFile; fileRef = ED9764B22381D291006C8EAC /* DoubleExtension.swift */; };
/* End PBXBuildFile section */

/* Begin PBXFileReference section */
		2D220EBD8D0BE0DE228B6C2E /* Pods-DolapCaseApp.debug.xcconfig */ = {isa = PBXFileReference; includeInIndex = 1; lastKnownFileType = text.xcconfig; name = "Pods-DolapCaseApp.debug.xcconfig"; path = "Target Support Files/Pods-DolapCaseApp/Pods-DolapCaseApp.debug.xcconfig"; sourceTree = "<group>"; };
		B6580DEFFCEE52D6F92BB826 /* Pods_DolapCaseApp.framework */ = {isa = PBXFileReference; explicitFileType = wrapper.framework; includeInIndex = 0; path = Pods_DolapCaseApp.framework; sourceTree = BUILT_PRODUCTS_DIR; };
		E3F9BC979D3089626B903EBA /* Pods-DolapCaseApp.release.xcconfig */ = {isa = PBXFileReference; includeInIndex = 1; lastKnownFileType = text.xcconfig; name = "Pods-DolapCaseApp.release.xcconfig"; path = "Target Support Files/Pods-DolapCaseApp/Pods-DolapCaseApp.release.xcconfig"; sourceTree = "<group>"; };
		ED16B44623831662005E2D17 /* ProductDetailImageTableViewCell.xib */ = {isa = PBXFileReference; fileEncoding = 4; lastKnownFileType = file.xib; path = ProductDetailImageTableViewCell.xib; sourceTree = "<group>"; };
		ED16B44923833A4F005E2D17 /* BaseViewInterface.swift */ = {isa = PBXFileReference; lastKnownFileType = sourcecode.swift; path = BaseViewInterface.swift; sourceTree = "<group>"; };
		ED2ECF85238137E400937D34 /* UITableViewExtension.swift */ = {isa = PBXFileReference; lastKnownFileType = sourcecode.swift; path = UITableViewExtension.swift; sourceTree = "<group>"; };
		ED2ECF872381383700937D34 /* UITableViewCellExtension.swift */ = {isa = PBXFileReference; lastKnownFileType = sourcecode.swift; path = UITableViewCellExtension.swift; sourceTree = "<group>"; };
		ED2ECF892381449600937D34 /* ProductDetailImageTableViewCell.swift */ = {isa = PBXFileReference; lastKnownFileType = sourcecode.swift; path = ProductDetailImageTableViewCell.swift; sourceTree = "<group>"; };
		ED8025FE237EEEEE00CDBBF4 /* DolapCaseApp.app */ = {isa = PBXFileReference; explicitFileType = wrapper.application; includeInIndex = 0; path = DolapCaseApp.app; sourceTree = BUILT_PRODUCTS_DIR; };
		ED802601237EEEEE00CDBBF4 /* AppDelegate.swift */ = {isa = PBXFileReference; lastKnownFileType = sourcecode.swift; path = AppDelegate.swift; sourceTree = "<group>"; };
		ED802608237EEEEE00CDBBF4 /* Base */ = {isa = PBXFileReference; lastKnownFileType = file.storyboard; name = Base; path = Base.lproj/ProductDetail.storyboard; sourceTree = "<group>"; };
		ED80260A237EEEF000CDBBF4 /* Assets.xcassets */ = {isa = PBXFileReference; lastKnownFileType = folder.assetcatalog; path = Assets.xcassets; sourceTree = "<group>"; };
		ED80260D237EEEF000CDBBF4 /* Base */ = {isa = PBXFileReference; lastKnownFileType = file.storyboard; name = Base; path = Base.lproj/LaunchScreen.storyboard; sourceTree = "<group>"; };
		ED80260F237EEEF000CDBBF4 /* Info.plist */ = {isa = PBXFileReference; lastKnownFileType = text.plist.xml; path = Info.plist; sourceTree = "<group>"; };
		ED80261B237F0F3E00CDBBF4 /* SocialData.json */ = {isa = PBXFileReference; fileEncoding = 4; lastKnownFileType = text.json; path = SocialData.json; sourceTree = "<group>"; };
		ED80261D237F0F4600CDBBF4 /* ProductData.json */ = {isa = PBXFileReference; fileEncoding = 4; lastKnownFileType = text.json; path = ProductData.json; sourceTree = "<group>"; };
		ED802622237F14C100CDBBF4 /* ProductDetailRouter.swift */ = {isa = PBXFileReference; fileEncoding = 4; lastKnownFileType = sourcecode.swift; path = ProductDetailRouter.swift; sourceTree = "<group>"; };
		ED802623237F14C100CDBBF4 /* ProductDetailViewController.swift */ = {isa = PBXFileReference; fileEncoding = 4; lastKnownFileType = sourcecode.swift; path = ProductDetailViewController.swift; sourceTree = "<group>"; };
		ED802624237F14C100CDBBF4 /* ProductDetailInteractor.swift */ = {isa = PBXFileReference; fileEncoding = 4; lastKnownFileType = sourcecode.swift; path = ProductDetailInteractor.swift; sourceTree = "<group>"; };
		ED802625237F14C100CDBBF4 /* ProductDetailPresenter.swift */ = {isa = PBXFileReference; fileEncoding = 4; lastKnownFileType = sourcecode.swift; path = ProductDetailPresenter.swift; sourceTree = "<group>"; };
		ED80262B237F18C900CDBBF4 /* Product.swift */ = {isa = PBXFileReference; lastKnownFileType = sourcecode.swift; path = Product.swift; sourceTree = "<group>"; };
		ED80262D237F18FE00CDBBF4 /* ProductSocial.swift */ = {isa = PBXFileReference; lastKnownFileType = sourcecode.swift; path = ProductSocial.swift; sourceTree = "<group>"; };
		ED802630237F265A00CDBBF4 /* Price.swift */ = {isa = PBXFileReference; lastKnownFileType = sourcecode.swift; path = Price.swift; sourceTree = "<group>"; };
		ED802633237F32B400CDBBF4 /* StoryBoard.swift */ = {isa = PBXFileReference; lastKnownFileType = sourcecode.swift; path = StoryBoard.swift; sourceTree = "<group>"; };
		ED9764AC2381A3F1006C8EAC /* ProductDetailInfoTableViewCell.swift */ = {isa = PBXFileReference; lastKnownFileType = sourcecode.swift; path = ProductDetailInfoTableViewCell.swift; sourceTree = "<group>"; };
		ED9764AD2381A3F1006C8EAC /* ProductDetailInfoTableViewCell.xib */ = {isa = PBXFileReference; lastKnownFileType = file.xib; path = ProductDetailInfoTableViewCell.xib; sourceTree = "<group>"; };
		ED9764B02381C0CF006C8EAC /* CommentStat.swift */ = {isa = PBXFileReference; lastKnownFileType = sourcecode.swift; path = CommentStat.swift; sourceTree = "<group>"; };
		ED9764B22381D291006C8EAC /* DoubleExtension.swift */ = {isa = PBXFileReference; lastKnownFileType = sourcecode.swift; path = DoubleExtension.swift; sourceTree = "<group>"; };
/* End PBXFileReference section */

/* Begin PBXFrameworksBuildPhase section */
		ED8025FB237EEEEE00CDBBF4 /* Frameworks */ = {
			isa = PBXFrameworksBuildPhase;
			buildActionMask = 2147483647;
			files = (
				084976B5DBB0D1FFDD2C33FB /* Pods_DolapCaseApp.framework in Frameworks */,
			);
			runOnlyForDeploymentPostprocessing = 0;
		};
/* End PBXFrameworksBuildPhase section */

/* Begin PBXGroup section */
		C5050CB6894E967D41234878 /* Frameworks */ = {
			isa = PBXGroup;
			children = (
				B6580DEFFCEE52D6F92BB826 /* Pods_DolapCaseApp.framework */,
			);
			name = Frameworks;
			sourceTree = "<group>";
		};
		EC0C23A529467F04B96448CF /* Pods */ = {
			isa = PBXGroup;
			children = (
				2D220EBD8D0BE0DE228B6C2E /* Pods-DolapCaseApp.debug.xcconfig */,
				E3F9BC979D3089626B903EBA /* Pods-DolapCaseApp.release.xcconfig */,
			);
			path = Pods;
			sourceTree = "<group>";
		};
		ED16B44823833A15005E2D17 /* BaseInterfaces */ = {
			isa = PBXGroup;
			children = (
				ED16B44923833A4F005E2D17 /* BaseViewInterface.swift */,
			);
			path = BaseInterfaces;
			sourceTree = "<group>";
		};
		ED2ECF84238136F400937D34 /* View */ = {
			isa = PBXGroup;
			children = (
				ED9764AB23819CA4006C8EAC /* Cells */,
			);
			path = View;
			sourceTree = "<group>";
		};
		ED8025F5237EEEEE00CDBBF4 = {
			isa = PBXGroup;
			children = (
				ED802600237EEEEE00CDBBF4 /* DolapCaseApp */,
				ED8025FF237EEEEE00CDBBF4 /* Products */,
				EC0C23A529467F04B96448CF /* Pods */,
				C5050CB6894E967D41234878 /* Frameworks */,
			);
			sourceTree = "<group>";
		};
		ED8025FF237EEEEE00CDBBF4 /* Products */ = {
			isa = PBXGroup;
			children = (
				ED8025FE237EEEEE00CDBBF4 /* DolapCaseApp.app */,
			);
			name = Products;
			sourceTree = "<group>";
		};
		ED802600237EEEEE00CDBBF4 /* DolapCaseApp */ = {
			isa = PBXGroup;
			children = (
				ED80262F237F1C9900CDBBF4 /* Storyboards */,
				ED80261F237F141900CDBBF4 /* Modules */,
				ED802620237F143000CDBBF4 /* Utils */,
				ED802618237F0E8400CDBBF4 /* Data */,
				ED802615237EF28200CDBBF4 /* SupportingFiles */,
			);
			path = DolapCaseApp;
			sourceTree = "<group>";
		};
		ED802615237EF28200CDBBF4 /* SupportingFiles */ = {
			isa = PBXGroup;
			children = (
				ED802601237EEEEE00CDBBF4 /* AppDelegate.swift */,
				ED80260A237EEEF000CDBBF4 /* Assets.xcassets */,
				ED80260F237EEEF000CDBBF4 /* Info.plist */,
			);
			path = SupportingFiles;
			sourceTree = "<group>";
		};
		ED802618237F0E8400CDBBF4 /* Data */ = {
			isa = PBXGroup;
			children = (
				ED80261D237F0F4600CDBBF4 /* ProductData.json */,
				ED80261B237F0F3E00CDBBF4 /* SocialData.json */,
			);
			path = Data;
			sourceTree = "<group>";
		};
		ED80261F237F141900CDBBF4 /* Modules */ = {
			isa = PBXGroup;
			children = (
				ED16B44823833A15005E2D17 /* BaseInterfaces */,
				ED802621237F14C100CDBBF4 /* ProductDetail */,
			);
			path = Modules;
			sourceTree = "<group>";
		};
		ED802620237F143000CDBBF4 /* Utils */ = {
			isa = PBXGroup;
			children = (
				ED802635237F337800CDBBF4 /* Extensions */,
				ED802632237F32A000CDBBF4 /* Common */,
			);
			path = Utils;
			sourceTree = "<group>";
		};
		ED802621237F14C100CDBBF4 /* ProductDetail */ = {
			isa = PBXGroup;
			children = (
				ED80262A237F18B300CDBBF4 /* Entity */,
				ED2ECF84238136F400937D34 /* View */,
				ED802625237F14C100CDBBF4 /* ProductDetailPresenter.swift */,
				ED802623237F14C100CDBBF4 /* ProductDetailViewController.swift */,
				ED802622237F14C100CDBBF4 /* ProductDetailRouter.swift */,
				ED802624237F14C100CDBBF4 /* ProductDetailInteractor.swift */,
			);
			path = ProductDetail;
			sourceTree = "<group>";
		};
		ED80262A237F18B300CDBBF4 /* Entity */ = {
			isa = PBXGroup;
			children = (
				ED80262B237F18C900CDBBF4 /* Product.swift */,
				ED802630237F265A00CDBBF4 /* Price.swift */,
				ED80262D237F18FE00CDBBF4 /* ProductSocial.swift */,
				ED9764B02381C0CF006C8EAC /* CommentStat.swift */,
			);
			path = Entity;
			sourceTree = "<group>";
		};
		ED80262F237F1C9900CDBBF4 /* Storyboards */ = {
			isa = PBXGroup;
			children = (
				ED802607237EEEEE00CDBBF4 /* ProductDetail.storyboard */,
				ED80260C237EEEF000CDBBF4 /* LaunchScreen.storyboard */,
			);
			path = Storyboards;
			sourceTree = "<group>";
		};
		ED802632237F32A000CDBBF4 /* Common */ = {
			isa = PBXGroup;
			children = (
				ED802633237F32B400CDBBF4 /* StoryBoard.swift */,
			);
			path = Common;
			sourceTree = "<group>";
		};
		ED802635237F337800CDBBF4 /* Extensions */ = {
			isa = PBXGroup;
			children = (
				ED2ECF85238137E400937D34 /* UITableViewExtension.swift */,
				ED2ECF872381383700937D34 /* UITableViewCellExtension.swift */,
				ED9764B22381D291006C8EAC /* DoubleExtension.swift */,
			);
			path = Extensions;
			sourceTree = "<group>";
		};
		ED9764AB23819CA4006C8EAC /* Cells */ = {
			isa = PBXGroup;
			children = (
				ED2ECF892381449600937D34 /* ProductDetailImageTableViewCell.swift */,
				ED16B44623831662005E2D17 /* ProductDetailImageTableViewCell.xib */,
				ED9764AC2381A3F1006C8EAC /* ProductDetailInfoTableViewCell.swift */,
				ED9764AD2381A3F1006C8EAC /* ProductDetailInfoTableViewCell.xib */,
			);
			path = Cells;
			sourceTree = "<group>";
		};
/* End PBXGroup section */

/* Begin PBXNativeTarget section */
		ED8025FD237EEEEE00CDBBF4 /* DolapCaseApp */ = {
			isa = PBXNativeTarget;
			buildConfigurationList = ED802612237EEEF000CDBBF4 /* Build configuration list for PBXNativeTarget "DolapCaseApp" */;
			buildPhases = (
				A8BE16F86AEC649A2156B75F /* [CP] Check Pods Manifest.lock */,
				ED8025FA237EEEEE00CDBBF4 /* Sources */,
				ED8025FB237EEEEE00CDBBF4 /* Frameworks */,
				ED8025FC237EEEEE00CDBBF4 /* Resources */,
				B74A939AB603B2856D055009 /* [CP] Embed Pods Frameworks */,
			);
			buildRules = (
			);
			dependencies = (
			);
			name = DolapCaseApp;
			productName = DolapCaseApp;
			productReference = ED8025FE237EEEEE00CDBBF4 /* DolapCaseApp.app */;
			productType = "com.apple.product-type.application";
		};
/* End PBXNativeTarget section */

/* Begin PBXProject section */
		ED8025F6237EEEEE00CDBBF4 /* Project object */ = {
			isa = PBXProject;
			attributes = {
				LastSwiftUpdateCheck = 1110;
				LastUpgradeCheck = 1110;
				ORGANIZATIONNAME = "omur olgunay";
				TargetAttributes = {
					ED8025FD237EEEEE00CDBBF4 = {
						CreatedOnToolsVersion = 11.1;
					};
				};
			};
			buildConfigurationList = ED8025F9237EEEEE00CDBBF4 /* Build configuration list for PBXProject "DolapCaseApp" */;
			compatibilityVersion = "Xcode 9.3";
			developmentRegion = en;
			hasScannedForEncodings = 0;
			knownRegions = (
				en,
				Base,
			);
			mainGroup = ED8025F5237EEEEE00CDBBF4;
			productRefGroup = ED8025FF237EEEEE00CDBBF4 /* Products */;
			projectDirPath = "";
			projectRoot = "";
			targets = (
				ED8025FD237EEEEE00CDBBF4 /* DolapCaseApp */,
			);
		};
/* End PBXProject section */

/* Begin PBXResourcesBuildPhase section */
		ED8025FC237EEEEE00CDBBF4 /* Resources */ = {
			isa = PBXResourcesBuildPhase;
			buildActionMask = 2147483647;
			files = (
				ED80261C237F0F3E00CDBBF4 /* SocialData.json in Resources */,
				ED80260E237EEEF000CDBBF4 /* LaunchScreen.storyboard in Resources */,
				ED80261E237F0F4600CDBBF4 /* ProductData.json in Resources */,
				ED80260B237EEEF000CDBBF4 /* Assets.xcassets in Resources */,
				ED802609237EEEEE00CDBBF4 /* ProductDetail.storyboard in Resources */,
				ED9764AF2381A3F1006C8EAC /* ProductDetailInfoTableViewCell.xib in Resources */,
				ED16B44723831662005E2D17 /* ProductDetailImageTableViewCell.xib in Resources */,
			);
			runOnlyForDeploymentPostprocessing = 0;
		};
/* End PBXResourcesBuildPhase section */

/* Begin PBXShellScriptBuildPhase section */
		A8BE16F86AEC649A2156B75F /* [CP] Check Pods Manifest.lock */ = {
			isa = PBXShellScriptBuildPhase;
			buildActionMask = 2147483647;
			files = (
			);
			inputFileListPaths = (
			);
			inputPaths = (
				"${PODS_PODFILE_DIR_PATH}/Podfile.lock",
				"${PODS_ROOT}/Manifest.lock",
			);
			name = "[CP] Check Pods Manifest.lock";
			outputFileListPaths = (
			);
			outputPaths = (
				"$(DERIVED_FILE_DIR)/Pods-DolapCaseApp-checkManifestLockResult.txt",
			);
			runOnlyForDeploymentPostprocessing = 0;
			shellPath = /bin/sh;
			shellScript = "diff \"${PODS_PODFILE_DIR_PATH}/Podfile.lock\" \"${PODS_ROOT}/Manifest.lock\" > /dev/null\nif [ $? != 0 ] ; then\n    # print error to STDERR\n    echo \"error: The sandbox is not in sync with the Podfile.lock. Run 'pod install' or update your CocoaPods installation.\" >&2\n    exit 1\nfi\n# This output is used by Xcode 'outputs' to avoid re-running this script phase.\necho \"SUCCESS\" > \"${SCRIPT_OUTPUT_FILE_0}\"\n";
			showEnvVarsInLog = 0;
		};
		B74A939AB603B2856D055009 /* [CP] Embed Pods Frameworks */ = {
			isa = PBXShellScriptBuildPhase;
			buildActionMask = 2147483647;
			files = (
			);
			inputFileListPaths = (
				"${PODS_ROOT}/Target Support Files/Pods-DolapCaseApp/Pods-DolapCaseApp-frameworks-${CONFIGURATION}-input-files.xcfilelist",
			);
			name = "[CP] Embed Pods Frameworks";
			outputFileListPaths = (
				"${PODS_ROOT}/Target Support Files/Pods-DolapCaseApp/Pods-DolapCaseApp-frameworks-${CONFIGURATION}-output-files.xcfilelist",
			);
			runOnlyForDeploymentPostprocessing = 0;
			shellPath = /bin/sh;
			shellScript = "\"${PODS_ROOT}/Target Support Files/Pods-DolapCaseApp/Pods-DolapCaseApp-frameworks.sh\"\n";
			showEnvVarsInLog = 0;
		};
/* End PBXShellScriptBuildPhase section */

/* Begin PBXSourcesBuildPhase section */
		ED8025FA237EEEEE00CDBBF4 /* Sources */ = {
			isa = PBXSourcesBuildPhase;
			buildActionMask = 2147483647;
			files = (
				ED9764B32381D291006C8EAC /* DoubleExtension.swift in Sources */,
				ED802634237F32B400CDBBF4 /* StoryBoard.swift in Sources */,
				ED2ECF8B2381449600937D34 /* ProductDetailImageTableViewCell.swift in Sources */,
				ED80262C237F18C900CDBBF4 /* Product.swift in Sources */,
				ED80262E237F18FE00CDBBF4 /* ProductSocial.swift in Sources */,
				ED9764AE2381A3F1006C8EAC /* ProductDetailInfoTableViewCell.swift in Sources */,
				ED2ECF882381383700937D34 /* UITableViewCellExtension.swift in Sources */,
				ED802626237F14C100CDBBF4 /* ProductDetailRouter.swift in Sources */,
				ED802629237F14C100CDBBF4 /* ProductDetailPresenter.swift in Sources */,
				ED2ECF86238137E400937D34 /* UITableViewExtension.swift in Sources */,
				ED16B44A23833A4F005E2D17 /* BaseViewInterface.swift in Sources */,
				ED802602237EEEEE00CDBBF4 /* AppDelegate.swift in Sources */,
				ED802631237F265A00CDBBF4 /* Price.swift in Sources */,
				ED9764B12381C0CF006C8EAC /* CommentStat.swift in Sources */,
				ED802627237F14C100CDBBF4 /* ProductDetailViewController.swift in Sources */,
				ED802628237F14C100CDBBF4 /* ProductDetailInteractor.swift in Sources */,
			);
			runOnlyForDeploymentPostprocessing = 0;
		};
/* End PBXSourcesBuildPhase section */

/* Begin PBXVariantGroup section */
		ED802607237EEEEE00CDBBF4 /* ProductDetail.storyboard */ = {
			isa = PBXVariantGroup;
			children = (
				ED802608237EEEEE00CDBBF4 /* Base */,
			);
			name = ProductDetail.storyboard;
			sourceTree = "<group>";
		};
		ED80260C237EEEF000CDBBF4 /* LaunchScreen.storyboard */ = {
			isa = PBXVariantGroup;
			children = (
				ED80260D237EEEF000CDBBF4 /* Base */,
			);
			name = LaunchScreen.storyboard;
			sourceTree = "<group>";
		};
/* End PBXVariantGroup section */

/* Begin XCBuildConfiguration section */
		ED802610237EEEF000CDBBF4 /* Debug */ = {
			isa = XCBuildConfiguration;
			buildSettings = {
				ALWAYS_SEARCH_USER_PATHS = NO;
				CLANG_ANALYZER_NONNULL = YES;
				CLANG_ANALYZER_NUMBER_OBJECT_CONVERSION = YES_AGGRESSIVE;
				CLANG_CXX_LANGUAGE_STANDARD = "gnu++14";
				CLANG_CXX_LIBRARY = "libc++";
				CLANG_ENABLE_MODULES = YES;
				CLANG_ENABLE_OBJC_ARC = YES;
				CLANG_ENABLE_OBJC_WEAK = YES;
				CLANG_WARN_BLOCK_CAPTURE_AUTORELEASING = YES;
				CLANG_WARN_BOOL_CONVERSION = YES;
				CLANG_WARN_COMMA = YES;
				CLANG_WARN_CONSTANT_CONVERSION = YES;
				CLANG_WARN_DEPRECATED_OBJC_IMPLEMENTATIONS = YES;
				CLANG_WARN_DIRECT_OBJC_ISA_USAGE = YES_ERROR;
				CLANG_WARN_DOCUMENTATION_COMMENTS = YES;
				CLANG_WARN_EMPTY_BODY = YES;
				CLANG_WARN_ENUM_CONVERSION = YES;
				CLANG_WARN_INFINITE_RECURSION = YES;
				CLANG_WARN_INT_CONVERSION = YES;
				CLANG_WARN_NON_LITERAL_NULL_CONVERSION = YES;
				CLANG_WARN_OBJC_IMPLICIT_RETAIN_SELF = YES;
				CLANG_WARN_OBJC_LITERAL_CONVERSION = YES;
				CLANG_WARN_OBJC_ROOT_CLASS = YES_ERROR;
				CLANG_WARN_RANGE_LOOP_ANALYSIS = YES;
				CLANG_WARN_STRICT_PROTOTYPES = YES;
				CLANG_WARN_SUSPICIOUS_MOVE = YES;
				CLANG_WARN_UNGUARDED_AVAILABILITY = YES_AGGRESSIVE;
				CLANG_WARN_UNREACHABLE_CODE = YES;
				CLANG_WARN__DUPLICATE_METHOD_MATCH = YES;
				COPY_PHASE_STRIP = NO;
				DEBUG_INFORMATION_FORMAT = dwarf;
				ENABLE_STRICT_OBJC_MSGSEND = YES;
				ENABLE_TESTABILITY = YES;
				GCC_C_LANGUAGE_STANDARD = gnu11;
				GCC_DYNAMIC_NO_PIC = NO;
				GCC_NO_COMMON_BLOCKS = YES;
				GCC_OPTIMIZATION_LEVEL = 0;
				GCC_PREPROCESSOR_DEFINITIONS = (
					"DEBUG=1",
					"$(inherited)",
				);
				GCC_WARN_64_TO_32_BIT_CONVERSION = YES;
				GCC_WARN_ABOUT_RETURN_TYPE = YES_ERROR;
				GCC_WARN_UNDECLARED_SELECTOR = YES;
				GCC_WARN_UNINITIALIZED_AUTOS = YES_AGGRESSIVE;
				GCC_WARN_UNUSED_FUNCTION = YES;
				GCC_WARN_UNUSED_VARIABLE = YES;
				IPHONEOS_DEPLOYMENT_TARGET = 11.4;
				MTL_ENABLE_DEBUG_INFO = INCLUDE_SOURCE;
				MTL_FAST_MATH = YES;
				ONLY_ACTIVE_ARCH = YES;
				SDKROOT = iphoneos;
				SWIFT_ACTIVE_COMPILATION_CONDITIONS = DEBUG;
				SWIFT_OPTIMIZATION_LEVEL = "-Onone";
			};
			name = Debug;
		};
		ED802611237EEEF000CDBBF4 /* Release */ = {
			isa = XCBuildConfiguration;
			buildSettings = {
				ALWAYS_SEARCH_USER_PATHS = NO;
				CLANG_ANALYZER_NONNULL = YES;
				CLANG_ANALYZER_NUMBER_OBJECT_CONVERSION = YES_AGGRESSIVE;
				CLANG_CXX_LANGUAGE_STANDARD = "gnu++14";
				CLANG_CXX_LIBRARY = "libc++";
				CLANG_ENABLE_MODULES = YES;
				CLANG_ENABLE_OBJC_ARC = YES;
				CLANG_ENABLE_OBJC_WEAK = YES;
				CLANG_WARN_BLOCK_CAPTURE_AUTORELEASING = YES;
				CLANG_WARN_BOOL_CONVERSION = YES;
				CLANG_WARN_COMMA = YES;
				CLANG_WARN_CONSTANT_CONVERSION = YES;
				CLANG_WARN_DEPRECATED_OBJC_IMPLEMENTATIONS = YES;
				CLANG_WARN_DIRECT_OBJC_ISA_USAGE = YES_ERROR;
				CLANG_WARN_DOCUMENTATION_COMMENTS = YES;
				CLANG_WARN_EMPTY_BODY = YES;
				CLANG_WARN_ENUM_CONVERSION = YES;
				CLANG_WARN_INFINITE_RECURSION = YES;
				CLANG_WARN_INT_CONVERSION = YES;
				CLANG_WARN_NON_LITERAL_NULL_CONVERSION = YES;
				CLANG_WARN_OBJC_IMPLICIT_RETAIN_SELF = YES;
				CLANG_WARN_OBJC_LITERAL_CONVERSION = YES;
				CLANG_WARN_OBJC_ROOT_CLASS = YES_ERROR;
				CLANG_WARN_RANGE_LOOP_ANALYSIS = YES;
				CLANG_WARN_STRICT_PROTOTYPES = YES;
				CLANG_WARN_SUSPICIOUS_MOVE = YES;
				CLANG_WARN_UNGUARDED_AVAILABILITY = YES_AGGRESSIVE;
				CLANG_WARN_UNREACHABLE_CODE = YES;
				CLANG_WARN__DUPLICATE_METHOD_MATCH = YES;
				COPY_PHASE_STRIP = NO;
				DEBUG_INFORMATION_FORMAT = "dwarf-with-dsym";
				ENABLE_NS_ASSERTIONS = NO;
				ENABLE_STRICT_OBJC_MSGSEND = YES;
				GCC_C_LANGUAGE_STANDARD = gnu11;
				GCC_NO_COMMON_BLOCKS = YES;
				GCC_WARN_64_TO_32_BIT_CONVERSION = YES;
				GCC_WARN_ABOUT_RETURN_TYPE = YES_ERROR;
				GCC_WARN_UNDECLARED_SELECTOR = YES;
				GCC_WARN_UNINITIALIZED_AUTOS = YES_AGGRESSIVE;
				GCC_WARN_UNUSED_FUNCTION = YES;
				GCC_WARN_UNUSED_VARIABLE = YES;
				IPHONEOS_DEPLOYMENT_TARGET = 11.4;
				MTL_ENABLE_DEBUG_INFO = NO;
				MTL_FAST_MATH = YES;
				SDKROOT = iphoneos;
				SWIFT_COMPILATION_MODE = wholemodule;
				SWIFT_OPTIMIZATION_LEVEL = "-O";
				VALIDATE_PRODUCT = YES;
			};
			name = Release;
		};
		ED802613237EEEF000CDBBF4 /* Debug */ = {
			isa = XCBuildConfiguration;
			baseConfigurationReference = 2D220EBD8D0BE0DE228B6C2E /* Pods-DolapCaseApp.debug.xcconfig */;
			buildSettings = {
				ASSETCATALOG_COMPILER_APPICON_NAME = AppIcon;
				CODE_SIGN_STYLE = Automatic;
				DEVELOPMENT_TEAM = W6Q92ZA8LP;
				INFOPLIST_FILE = DolapCaseApp/SupportingFiles/Info.plist;
				LD_RUNPATH_SEARCH_PATHS = (
					"$(inherited)",
					"@executable_path/Frameworks",
				);
				PRODUCT_BUNDLE_IDENTIFIER = com.omurolgunay.DolapCaseApp;
				PRODUCT_NAME = "$(TARGET_NAME)";
				SWIFT_VERSION = 5.0;
				TARGETED_DEVICE_FAMILY = "1,2";
			};
			name = Debug;
		};
		ED802614237EEEF000CDBBF4 /* Release */ = {
			isa = XCBuildConfiguration;
			baseConfigurationReference = E3F9BC979D3089626B903EBA /* Pods-DolapCaseApp.release.xcconfig */;
			buildSettings = {
				ASSETCATALOG_COMPILER_APPICON_NAME = AppIcon;
				CODE_SIGN_STYLE = Automatic;
				DEVELOPMENT_TEAM = W6Q92ZA8LP;
				INFOPLIST_FILE = DolapCaseApp/SupportingFiles/Info.plist;
				LD_RUNPATH_SEARCH_PATHS = (
					"$(inherited)",
					"@executable_path/Frameworks",
				);
				PRODUCT_BUNDLE_IDENTIFIER = com.omurolgunay.DolapCaseApp;
				PRODUCT_NAME = "$(TARGET_NAME)";
				SWIFT_VERSION = 5.0;
				TARGETED_DEVICE_FAMILY = "1,2";
			};
			name = Release;
		};
/* End XCBuildConfiguration section */

/* Begin XCConfigurationList section */
		ED8025F9237EEEEE00CDBBF4 /* Build configuration list for PBXProject "DolapCaseApp" */ = {
			isa = XCConfigurationList;
			buildConfigurations = (
				ED802610237EEEF000CDBBF4 /* Debug */,
				ED802611237EEEF000CDBBF4 /* Release */,
			);
			defaultConfigurationIsVisible = 0;
			defaultConfigurationName = Release;
		};
		ED802612237EEEF000CDBBF4 /* Build configuration list for PBXNativeTarget "DolapCaseApp" */ = {
			isa = XCConfigurationList;
			buildConfigurations = (
				ED802613237EEEF000CDBBF4 /* Debug */,
				ED802614237EEEF000CDBBF4 /* Release */,
			);
			defaultConfigurationIsVisible = 0;
			defaultConfigurationName = Release;
		};
/* End XCConfigurationList section */
	};
	rootObject = ED8025F6237EEEEE00CDBBF4 /* Project object */;
}
