PODS:
  - Cosmos (20.0.1)
  - Kingfisher (5.10.0):
    - Kingfisher/Core (= 5.10.0)
  - Kingfisher/Core (5.10.0)
  - UICircularProgressRing (6.4.0)

DEPENDENCIES:
  - Cosmos (~> 20.0)
  - Kingfisher
  - UICircularProgressRing (from `https://github.com/omurolgunay/UICircularProgressRing`)

SPEC REPOS:
  https://github.com/cocoapods/specs.git:
    - Cosmos
    - Kingfisher

EXTERNAL SOURCES:
  UICircularProgressRing:
    :git: https://github.com/omurolgunay/UICircularProgressRing

CHECKOUT OPTIONS:
  UICircularProgressRing:
    :commit: 84969c13e55b74044fe0c53e76da9011d982115d
    :git: https://github.com/omurolgunay/UICircularProgressRing

SPEC CHECKSUMS:
  Cosmos: b47fddf2102bb48580cd3025d9ce0a5c658a65da
  Kingfisher: 0bf6eae7c2193f15719915fecb7c2c1c03855f3d
  UICircularProgressRing: 907613633e76e561b972a3868c95517d14c71006

PODFILE CHECKSUM: 6459da92d18493bb4dffe8ed3c01f87c48570bd9

COCOAPODS: 1.7.5
